
Microsoft Visual Studio Solution File, Format Version 12.00
# Visual Studio Version 16
VisualStudioVersion = 16.0.30907.101
MinimumVisualStudioVersion = 10.0.40219.1
Project("{FAE04EC0-301F-11D3-BF4B-00C04F79EFBC}") = "Conditionals", "Conditionals\Conditionals.csproj", "{0BA1AF5C-93EA-4460-9832-8B7E551311D8}"
EndProject
Project("{FAE04EC0-301F-11D3-BF4B-00C04F79EFBC}") = "Loops1", "Loops1\Loops1.csproj", "{6C7B47EA-A7FC-430E-B526-92978B9FE0B4}"
EndProject
Global
	GlobalSection(SolutionConfigurationPlatforms) = preSolution
		Debug|Any CPU = Debug|Any CPU
		Release|Any CPU = Release|Any CPU
	EndGlobalSection
	GlobalSection(ProjectConfigurationPlatforms) = postSolution
		{0BA1AF5C-93EA-4460-9832-8B7E551311D8}.Debug|Any CPU.ActiveCfg = Debug|Any CPU
		{0BA1AF5C-93EA-4460-9832-8B7E551311D8}.Debug|Any CPU.Build.0 = Debug|Any CPU
		{0BA1AF5C-93EA-4460-9832-8B7E551311D8}.Release|Any CPU.ActiveCfg = Release|Any CPU
		{0BA1AF5C-93EA-4460-9832-8B7E551311D8}.Release|Any CPU.Build.0 = Release|Any CPU
		{6C7B47EA-A7FC-430E-B526-92978B9FE0B4}.Debug|Any CPU.ActiveCfg = Debug|Any CPU
		{6C7B47EA-A7FC-430E-B526-92978B9FE0B4}.Debug|Any CPU.Build.0 = Debug|Any CPU
		{6C7B47EA-A7FC-430E-B526-92978B9FE0B4}.Release|Any CPU.ActiveCfg = Release|Any CPU
		{6C7B47EA-A7FC-430E-B526-92978B9FE0B4}.Release|Any CPU.Build.0 = Release|Any CPU
	EndGlobalSection
	GlobalSection(SolutionProperties) = preSolution
		HideSolutionNode = FALSE
	EndGlobalSection
	GlobalSection(ExtensibilityGlobals) = postSolution
		SolutionGuid = {B8BC39D6-5741-490C-8145-DF082499CCF0}
	EndGlobalSection
EndGlobal
